
Microsoft Visual Studio Solution File, Format Version 12.00
# Visual Studio Version 17
VisualStudioVersion = 17.5.002.0
MinimumVisualStudioVersion = 10.0.40219.1
Project("{9A19103F-16F7-4668-BE54-9A1E7A4F7556}") = "kapanisWeek2", "kapanisWeek2.csproj", "{D32A948C-2C46-4831-89B4-5A3FD5272163}"
EndProject
Global
	GlobalSection(SolutionConfigurationPlatforms) = preSolution
		Debug|Any CPU = Debug|Any CPU
		Release|Any CPU = Release|Any CPU
	EndGlobalSection
	GlobalSection(ProjectConfigurationPlatforms) = postSolution
		{D32A948C-2C46-4831-89B4-5A3FD5272163}.Debug|Any CPU.ActiveCfg = Debug|Any CPU
		{D32A948C-2C46-4831-89B4-5A3FD5272163}.Debug|Any CPU.Build.0 = Debug|Any CPU
		{D32A948C-2C46-4831-89B4-5A3FD5272163}.Release|Any CPU.ActiveCfg = Release|Any CPU
		{D32A948C-2C46-4831-89B4-5A3FD5272163}.Release|Any CPU.Build.0 = Release|Any CPU
	EndGlobalSection
	GlobalSection(SolutionProperties) = preSolution
		HideSolutionNode = FALSE
	EndGlobalSection
	GlobalSection(ExtensibilityGlobals) = postSolution
		SolutionGuid = {401FEF82-3999-436D-A391-7F224A19FC4B}
	EndGlobalSection
EndGlobal
